dependencies:
- name: postgresql
  repository: ""
  version: 1.0.1
- name: postgresql
  repository: ""
  version: 1.0.1
- name: redis
  repository: https://charts.bitnami.com/bitnami
  version: 10.9.0
digest: sha256:71d672bebbaf06ec1caa7ecc63f3ed6df2b912e8503610311d894b5ed5e4b25d
generated: "2020-10-21T18:52:12.104059-07:00"
